Microsoft Visual Studio Solution File, Format Version 12.00
# Visual Studio Version 17
VisualStudioVersion = 17.5.2.0
MinimumVisualStudioVersion = 10.0.40219.1
Project("{FAE04EC0-301F-11D3-BF4B-00C04F79EFBC}") = "Api.Comercial", "Api.Comercial.csproj", "{F5C63D66-A4CD-7375-D68E-A25B653DCBC6}"
EndProject
Global
	GlobalSection(SolutionConfigurationPlatforms) = preSolution
		Debug|Any CPU = Debug|Any CPU
		Release|Any CPU = Release|Any CPU
	EndGlobalSection
	GlobalSection(ProjectConfigurationPlatforms) = postSolution
		{F5C63D66-A4CD-7375-D68E-A25B653DCBC6}.Debug|Any CPU.ActiveCfg = Debug|Any CPU
		{F5C63D66-A4CD-7375-D68E-A25B653DCBC6}.Debug|Any CPU.Build.0 = Debug|Any CPU
		{F5C63D66-A4CD-7375-D68E-A25B653DCBC6}.Release|Any CPU.ActiveCfg = Release|Any CPU
		{F5C63D66-A4CD-7375-D68E-A25B653DCBC6}.Release|Any CPU.Build.0 = Release|Any CPU
	EndGlobalSection
	GlobalSection(SolutionProperties) = preSolution
		HideSolutionNode = FALSE
	EndGlobalSection
	GlobalSection(ExtensibilityGlobals) = postSolution
		SolutionGuid = {6699258F-989E-46F9-AE1E-82598167E7B1}
	EndGlobalSection
EndGlobal
